
Microsoft Visual Studio Solution File, Format Version 12.00
# Visual Studio Version 16
VisualStudioVersion = 16.0.29509.3
MinimumVisualStudioVersion = 10.0.40219.1
Project("{FAE04EC0-301F-11D3-BF4B-00C04F79EFBC}") = "HTTP5101B_N01352022_ChristopherJones_FinalAssignment", "HTTP5101B_N01352022_ChristopherJones_FinalAssignment\HTTP5101B_N01352022_ChristopherJones_FinalAssignment.csproj", "{5D9A379F-B98C-4609-9276-C02249AAB10A}"
EndProject
Global
	GlobalSection(SolutionConfigurationPlatforms) = preSolution
		Debug|Any CPU = Debug|Any CPU
		Release|Any CPU = Release|Any CPU
	EndGlobalSection
	GlobalSection(ProjectConfigurationPlatforms) = postSolution
		{5D9A379F-B98C-4609-9276-C02249AAB10A}.Debug|Any CPU.ActiveCfg = Debug|Any CPU
		{5D9A379F-B98C-4609-9276-C02249AAB10A}.Debug|Any CPU.Build.0 = Debug|Any CPU
		{5D9A379F-B98C-4609-9276-C02249AAB10A}.Release|Any CPU.ActiveCfg = Release|Any CPU
		{5D9A379F-B98C-4609-9276-C02249AAB10A}.Release|Any CPU.Build.0 = Release|Any CPU
	EndGlobalSection
	GlobalSection(SolutionProperties) = preSolution
		HideSolutionNode = FALSE
	EndGlobalSection
	GlobalSection(ExtensibilityGlobals) = postSolution
		SolutionGuid = {01333B9F-0324-46BD-A809-93CEC45BC583}
	EndGlobalSection
EndGlobal
